
Microsoft Visual Studio Solution File, Format Version 12.00
# Visual Studio Version 16
VisualStudioVersion = 16.0.29025.244
MinimumVisualStudioVersion = 10.0.40219.1
Project("{FAE04EC0-301F-11D3-BF4B-00C04F79EFBC}") = "DLaB.Xrm", "DLaB.Xrm\DLaB.Xrm.csproj", "{C11C3523-D4F4-4C7D-B072-46E96947EFC2}"
EndProject
Project("{FAE04EC0-301F-11D3-BF4B-00C04F79EFBC}") = "DLaB.Xrm.Workflow", "DLaB.Xrm.Workflow\DLaB.Xrm.Workflow.csproj", "{DDA6BAD7-C9E4-45E8-A8E7-B6275AD95933}"
EndProject
Project("{FAE04EC0-301F-11D3-BF4B-00C04F79EFBC}") = "DLaB.Xrm.Tests", "DLaB.Xrm.Tests\DLaB.Xrm.Tests.csproj", "{1DF3BE66-5B01-44B1-A810-03E2116E7518}"
EndProject
Project("{FAE04EC0-301F-11D3-BF4B-00C04F79EFBC}") = "DLaB.Xrm.Test", "DLaB.Xrm.Test\DLaB.Xrm.Test.csproj", "{EF9B877D-CB30-45C1-B28F-43CC26850356}"
EndProject
Project("{D954291E-2A0B-460D-934E-DC6B0785DB48}") = "DLaB.Xrm.Test.Core", "DLaB.Xrm.Test.Core\DLaB.Xrm.Test.Core.shproj", "{C987F4C2-40B4-4572-B7C5-36C138361AFB}"
EndProject
Project("{D954291E-2A0B-460D-934E-DC6B0785DB48}") = "DLaB.Xrm.Core", "DLaB.Xrm.Core\DLaB.Xrm.Core.shproj", "{A3B3CE75-DFAE-4035-97A3-AFD49AD47BC5}"
EndProject
Project("{D954291E-2A0B-460D-934E-DC6B0785DB48}") = "DLaB.Xrm.Workflow.Core", "DLaB.Xrm.Workflow.Core\DLaB.Xrm.Workflow.Core.shproj", "{0A4F992C-57F2-4910-AECC-13AD1CD271AD}"
EndProject
Project("{2150E333-8FDC-42A3-9474-1A3956D46DE8}") = "NuGet", "NuGet", "{DEDEE8E9-2FCB-484A-AA86-B43C3DEA324E}"
	ProjectSection(SolutionItems) = preProject
		DLaB.Xrm\DLaB.Xrm.Source.nuspec = DLaB.Xrm\DLaB.Xrm.Source.nuspec
		DLaB.Xrm.Workflow\DLaB.Xrm.Workflow.Source.nuspec = DLaB.Xrm.Workflow\DLaB.Xrm.Workflow.Source.nuspec
		Icon.64x64.png = Icon.64x64.png
	EndProjectSection
EndProject
Project("{9A19103F-16F7-4668-BE54-9A1E7A4F7556}") = "DLaB.Xrm.DotNetCore.Tests", "DLaB.Xrm.DotNetCore.Tests\DLaB.Xrm.DotNetCore.Tests.csproj", "{3C9EC09E-B62E-4A5C-A0B1-EFD189054C7C}"
EndProject
Project("{D954291E-2A0B-460D-934E-DC6B0785DB48}") = "DLaB.Xrm.Tests.Core", "DLaB.Xrm.Tests.Core\DLaB.Xrm.Tests.Core.shproj", "{1388D7A1-C398-44B6-AEA1-AF8B05E7BE36}"
EndProject
Global
	GlobalSection(SharedMSBuildProjectFiles) = preSolution
		DLaB.Xrm.Workflow.Core\DLaB.Xrm.Workflow.Base.projitems*{0a4f992c-57f2-4910-aecc-13ad1cd271ad}*SharedItemsImports = 13
		DLaB.Xrm.Tests.Core\DLaB.Xrm.Tests.Core.projitems*{1388d7a1-c398-44b6-aea1-af8b05e7be36}*SharedItemsImports = 13
		DLaB.Xrm.Core\DLaB.Xrm.Base.projitems*{1df3be66-5b01-44b1-a810-03e2116e7518}*SharedItemsImports = 4
		DLaB.Xrm.Test.Core\DLaB.Xrm.Test.Core.projitems*{1df3be66-5b01-44b1-a810-03e2116e7518}*SharedItemsImports = 4
		DLaB.Xrm.Tests.Core\DLaB.Xrm.Tests.Core.projitems*{1df3be66-5b01-44b1-a810-03e2116e7518}*SharedItemsImports = 4
		DLaB.Xrm.Core\DLaB.Xrm.Base.projitems*{3c9ec09e-b62e-4a5c-a0b1-efd189054c7c}*SharedItemsImports = 5
		DLaB.Xrm.Tests.Core\DLaB.Xrm.Tests.Core.projitems*{3c9ec09e-b62e-4a5c-a0b1-efd189054c7c}*SharedItemsImports = 5
		DLaB.Xrm.Core\DLaB.Xrm.Base.projitems*{a3b3ce75-dfae-4035-97a3-afd49ad47bc5}*SharedItemsImports = 13
		DLaB.Xrm.Core\DLaB.Xrm.Base.projitems*{c11c3523-d4f4-4c7d-b072-46e96947efc2}*SharedItemsImports = 4
		DLaB.Xrm.Test.Core\DLaB.Xrm.Test.Core.projitems*{c987f4c2-40b4-4572-b7c5-36c138361afb}*SharedItemsImports = 13
		DLaB.Xrm.Core\DLaB.Xrm.Base.projitems*{dda6bad7-c9e4-45e8-a8e7-b6275ad95933}*SharedItemsImports = 4
		DLaB.Xrm.Workflow.Core\DLaB.Xrm.Workflow.Base.projitems*{dda6bad7-c9e4-45e8-a8e7-b6275ad95933}*SharedItemsImports = 4
	EndGlobalSection
	GlobalSection(SolutionConfigurationPlatforms) = preSolution
		Debug|Any CPU = Debug|Any CPU
		Release|Any CPU = Release|Any CPU
	EndGlobalSection
	GlobalSection(ProjectConfigurationPlatforms) = postSolution
		{C11C3523-D4F4-4C7D-B072-46E96947EFC2}.Debug|Any CPU.ActiveCfg = Debug|Any CPU
		{C11C3523-D4F4-4C7D-B072-46E96947EFC2}.Debug|Any CPU.Build.0 = Debug|Any CPU
		{C11C3523-D4F4-4C7D-B072-46E96947EFC2}.Release|Any CPU.ActiveCfg = Release|Any CPU
		{C11C3523-D4F4-4C7D-B072-46E96947EFC2}.Release|Any CPU.Build.0 = Release|Any CPU
		{DDA6BAD7-C9E4-45E8-A8E7-B6275AD95933}.Debug|Any CPU.ActiveCfg = Debug|Any CPU
		{DDA6BAD7-C9E4-45E8-A8E7-B6275AD95933}.Debug|Any CPU.Build.0 = Debug|Any CPU
		{DDA6BAD7-C9E4-45E8-A8E7-B6275AD95933}.Release|Any CPU.ActiveCfg = Release|Any CPU
		{DDA6BAD7-C9E4-45E8-A8E7-B6275AD95933}.Release|Any CPU.Build.0 = Release|Any CPU
		{1DF3BE66-5B01-44B1-A810-03E2116E7518}.Debug|Any CPU.ActiveCfg = Debug|Any CPU
		{1DF3BE66-5B01-44B1-A810-03E2116E7518}.Debug|Any CPU.Build.0 = Debug|Any CPU
		{1DF3BE66-5B01-44B1-A810-03E2116E7518}.Release|Any CPU.ActiveCfg = Release|Any CPU
		{1DF3BE66-5B01-44B1-A810-03E2116E7518}.Release|Any CPU.Build.0 = Release|Any CPU
		{EF9B877D-CB30-45C1-B28F-43CC26850356}.Debug|Any CPU.ActiveCfg = Debug|Any CPU
		{EF9B877D-CB30-45C1-B28F-43CC26850356}.Debug|Any CPU.Build.0 = Debug|Any CPU
		{EF9B877D-CB30-45C1-B28F-43CC26850356}.Release|Any CPU.ActiveCfg = Release|Any CPU
		{EF9B877D-CB30-45C1-B28F-43CC26850356}.Release|Any CPU.Build.0 = Release|Any CPU
		{3C9EC09E-B62E-4A5C-A0B1-EFD189054C7C}.Debug|Any CPU.ActiveCfg = Debug|Any CPU
		{3C9EC09E-B62E-4A5C-A0B1-EFD189054C7C}.Debug|Any CPU.Build.0 = Debug|Any CPU
		{3C9EC09E-B62E-4A5C-A0B1-EFD189054C7C}.Release|Any CPU.ActiveCfg = Release|Any CPU
		{3C9EC09E-B62E-4A5C-A0B1-EFD189054C7C}.Release|Any CPU.Build.0 = Release|Any CPU
	EndGlobalSection
	GlobalSection(SolutionProperties) = preSolution
		HideSolutionNode = FALSE
	EndGlobalSection
	GlobalSection(ExtensibilityGlobals) = postSolution
		SolutionGuid = {DA0FFC54-20D8-40C2-BB33-956850827AF4}
	EndGlobalSection
EndGlobal
